
Microsoft Visual Studio Solution File, Format Version 12.00
# Visual Studio Version 17
VisualStudioVersion = 17.14.36623.8
MinimumVisualStudioVersion = 10.0.40219.1
Project("{FAE04EC0-301F-11D3-BF4B-00C04F79EFBC}") = "BlazorCheatSheet", "BlazorCheatSheet.csproj", "{676842E5-9014-4663-BDFF-45BC5F2E4184}"
EndProject
Project("{FAE04EC0-301F-11D3-BF4B-00C04F79EFBC}") = "BlazorCheatSheet.Shared", "..\BlazorCheatSheet.Shared\BlazorCheatSheet.Shared.csproj", "{D40078A0-70FE-408D-912B-57E5D4D64C17}"
EndProject
Project("{FAE04EC0-301F-11D3-BF4B-00C04F79EFBC}") = "BlazorCheatSheet.Client", "..\BlazorCheatSheet.Client\BlazorCheatSheet.Client.csproj", "{126AFDAB-C35D-321C-46FC-BD9EC54ACE47}"
EndProject
Global
	GlobalSection(SolutionConfigurationPlatforms) = preSolution
		Debug|Any CPU = Debug|Any CPU
		Release|Any CPU = Release|Any CPU
	EndGlobalSection
	GlobalSection(ProjectConfigurationPlatforms) = postSolution
		{676842E5-9014-4663-BDFF-45BC5F2E4184}.Debug|Any CPU.ActiveCfg = Debug|Any CPU
		{676842E5-9014-4663-BDFF-45BC5F2E4184}.Debug|Any CPU.Build.0 = Debug|Any CPU
		{676842E5-9014-4663-BDFF-45BC5F2E4184}.Release|Any CPU.ActiveCfg = Release|Any CPU
		{676842E5-9014-4663-BDFF-45BC5F2E4184}.Release|Any CPU.Build.0 = Release|Any CPU
		{D40078A0-70FE-408D-912B-57E5D4D64C17}.Debug|Any CPU.ActiveCfg = Debug|Any CPU
		{D40078A0-70FE-408D-912B-57E5D4D64C17}.Debug|Any CPU.Build.0 = Debug|Any CPU
		{D40078A0-70FE-408D-912B-57E5D4D64C17}.Release|Any CPU.ActiveCfg = Release|Any CPU
		{D40078A0-70FE-408D-912B-57E5D4D64C17}.Release|Any CPU.Build.0 = Release|Any CPU
		{126AFDAB-C35D-321C-46FC-BD9EC54ACE47}.Debug|Any CPU.ActiveCfg = Debug|Any CPU
		{126AFDAB-C35D-321C-46FC-BD9EC54ACE47}.Debug|Any CPU.Build.0 = Debug|Any CPU
		{126AFDAB-C35D-321C-46FC-BD9EC54ACE47}.Release|Any CPU.ActiveCfg = Release|Any CPU
		{126AFDAB-C35D-321C-46FC-BD9EC54ACE47}.Release|Any CPU.Build.0 = Release|Any CPU
	EndGlobalSection
	GlobalSection(SolutionProperties) = preSolution
		HideSolutionNode = FALSE
	EndGlobalSection
	GlobalSection(ExtensibilityGlobals) = postSolution
		SolutionGuid = {0C994A02-1642-48B5-B4D3-8859D0774279}
	EndGlobalSection
EndGlobal
